// !$*UTF8*$!
{
	archiveVersion = 1;
	classes = {
	};
	objectVersion = 50;
	objects = {

/* Begin PBXBuildFile section */
		D7AEE91625FBE53400349601 /* OrderUpApp.swift in Sources */ = {isa = PBXBuildFile; fileRef = D7AEE91525FBE53400349601 /* OrderUpApp.swift */; };
		D7AEE91825FBE53400349601 /* ContentView.swift in Sources */ = {isa = PBXBuildFile; fileRef = D7AEE91725FBE53400349601 /* ContentView.swift */; };
		D7AEE91A25FBE53800349601 /* Assets.xcassets in Resources */ = {isa = PBXBuildFile; fileRef = D7AEE91925FBE53800349601 /* Assets.xcassets */; };
		D7AEE91D25FBE53800349601 /* Preview Assets.xcassets in Resources */ = {isa = PBXBuildFile; fileRef = D7AEE91C25FBE53800349601 /* Preview Assets.xcassets */; };
		D7AEE92D25FC018A00349601 /* ShopItem.swift in Sources */ = {isa = PBXBuildFile; fileRef = D7AEE92C25FC018A00349601 /* ShopItem.swift */; };
		D7AEE93025FC01A500349601 /* Category.swift in Sources */ = {isa = PBXBuildFile; fileRef = D7AEE92F25FC01A500349601 /* Category.swift */; };
		D7AEE93325FC01FB00349601 /* ShopView.swift in Sources */ = {isa = PBXBuildFile; fileRef = D7AEE93225FC01FB00349601 /* ShopView.swift */; };
/* End PBXBuildFile section */

/* Begin PBXFileReference section */
		D7AEE91225FBE53400349601 /* OrderUp.app */ = {isa = PBXFileReference; explicitFileType = wrapper.application; includeInIndex = 0; path = OrderUp.app; sourceTree = BUILT_PRODUCTS_DIR; };
		D7AEE91525FBE53400349601 /* OrderUpApp.swift */ = {isa = PBXFileReference; lastKnownFileType = sourcecode.swift; path = OrderUpApp.swift; sourceTree = "<group>"; };
		D7AEE91725FBE53400349601 /* ContentView.swift */ = {isa = PBXFileReference; lastKnownFileType = sourcecode.swift; path = ContentView.swift; sourceTree = "<group>"; };
		D7AEE91925FBE53800349601 /* Assets.xcassets */ = {isa = PBXFileReference; lastKnownFileType = folder.assetcatalog; path = Assets.xcassets; sourceTree = "<group>"; };
		D7AEE91C25FBE53800349601 /* Preview Assets.xcassets */ = {isa = PBXFileReference; lastKnownFileType = folder.assetcatalog; path = "Preview Assets.xcassets"; sourceTree = "<group>"; };
		D7AEE91E25FBE53800349601 /* Info.plist */ = {isa = PBXFileReference; lastKnownFileType = text.plist.xml; path = Info.plist; sourceTree = "<group>"; };
		D7AEE92C25FC018A00349601 /* ShopItem.swift */ = {isa = PBXFileReference; lastKnownFileType = sourcecode.swift; path = ShopItem.swift; sourceTree = "<group>"; };
		D7AEE92F25FC01A500349601 /* Category.swift */ = {isa = PBXFileReference; lastKnownFileType = sourcecode.swift; path = Category.swift; sourceTree = "<group>"; };
		D7AEE93225FC01FB00349601 /* ShopView.swift */ = {isa = PBXFileReference; lastKnownFileType = sourcecode.swift; path = ShopView.swift; sourceTree = "<group>"; };
/* End PBXFileReference section */

/* Begin PBXFrameworksBuildPhase section */
		D7AEE90F25FBE53400349601 /* Frameworks */ = {
			isa = PBXFrameworksBuildPhase;
			buildActionMask = 2147483647;
			files = (
			);
			runOnlyForDeploymentPostprocessing = 0;
		};
/* End PBXFrameworksBuildPhase section */

/* Begin PBXGroup section */
		D7AEE90925FBE53400349601 = {
			isa = PBXGroup;
			children = (
				D7AEE91425FBE53400349601 /* OrderUp */,
				D7AEE91325FBE53400349601 /* Products */,
			);
			sourceTree = "<group>";
		};
		D7AEE91325FBE53400349601 /* Products */ = {
			isa = PBXGroup;
			children = (
				D7AEE91225FBE53400349601 /* OrderUp.app */,
			);
			name = Products;
			sourceTree = "<group>";
		};
		D7AEE91425FBE53400349601 /* OrderUp */ = {
			isa = PBXGroup;
			children = (
				D7AEE92725FBFD3B00349601 /* View */,
				D7AEE92525FBFD1400349601 /* Model */,
				D7AEE91525FBE53400349601 /* OrderUpApp.swift */,
				D7AEE91725FBE53400349601 /* ContentView.swift */,
				D7AEE91925FBE53800349601 /* Assets.xcassets */,
				D7AEE91E25FBE53800349601 /* Info.plist */,
				D7AEE91B25FBE53800349601 /* Preview Content */,
			);
			path = OrderUp;
			sourceTree = "<group>";
		};
		D7AEE91B25FBE53800349601 /* Preview Content */ = {
			isa = PBXGroup;
			children = (
				D7AEE91C25FBE53800349601 /* Preview Assets.xcassets */,
			);
			path = "Preview Content";
			sourceTree = "<group>";
		};
		D7AEE92525FBFD1400349601 /* Model */ = {
			isa = PBXGroup;
			children = (
				D7AEE92C25FC018A00349601 /* ShopItem.swift */,
				D7AEE92F25FC01A500349601 /* Category.swift */,
			);
			path = Model;
			sourceTree = "<group>";
		};
		D7AEE92725FBFD3B00349601 /* View */ = {
			isa = PBXGroup;
			children = (
				D7AEE93225FC01FB00349601 /* ShopView.swift */,
			);
			path = View;
			sourceTree = "<group>";
		};
/* End PBXGroup section */

/* Begin PBXNativeTarget section */
		D7AEE91125FBE53400349601 /* OrderUp */ = {
			isa = PBXNativeTarget;
			buildConfigurationList = D7AEE92125FBE53800349601 /* Build configuration list for PBXNativeTarget "OrderUp" */;
			buildPhases = (
				D7AEE90E25FBE53400349601 /* Sources */,
				D7AEE90F25FBE53400349601 /* Frameworks */,
				D7AEE91025FBE53400349601 /* Resources */,
			);
			buildRules = (
			);
			dependencies = (
			);
			name = OrderUp;
			productName = OrderUp;
			productReference = D7AEE91225FBE53400349601 /* OrderUp.app */;
			productType = "com.apple.product-type.application";
		};
/* End PBXNativeTarget section */

/* Begin PBXProject section */
		D7AEE90A25FBE53400349601 /* Project object */ = {
			isa = PBXProject;
			attributes = {
				LastSwiftUpdateCheck = 1240;
				LastUpgradeCheck = 1240;
				TargetAttributes = {
					D7AEE91125FBE53400349601 = {
						CreatedOnToolsVersion = 12.4;
					};
				};
			};
			buildConfigurationList = D7AEE90D25FBE53400349601 /* Build configuration list for PBXProject "OrderUp" */;
			compatibilityVersion = "Xcode 9.3";
			developmentRegion = en;
			hasScannedForEncodings = 0;
			knownRegions = (
				en,
				Base,
			);
			mainGroup = D7AEE90925FBE53400349601;
			productRefGroup = D7AEE91325FBE53400349601 /* Products */;
			projectDirPath = "";
			projectRoot = "";
			targets = (
				D7AEE91125FBE53400349601 /* OrderUp */,
			);
		};
/* End PBXProject section */

/* Begin PBXResourcesBuildPhase section */
		D7AEE91025FBE53400349601 /* Resources */ = {
			isa = PBXResourcesBuildPhase;
			buildActionMask = 2147483647;
			files = (
				D7AEE91D25FBE53800349601 /* Preview Assets.xcassets in Resources */,
				D7AEE91A25FBE53800349601 /* Assets.xcassets in Resources */,
			);
			runOnlyForDeploymentPostprocessing = 0;
		};
/* End PBXResourcesBuildPhase section */

/* Begin PBXSourcesBuildPhase section */
		D7AEE90E25FBE53400349601 /* Sources */ = {
			isa = PBXSourcesBuildPhase;
			buildActionMask = 2147483647;
			files = (
				D7AEE91825FBE53400349601 /* ContentView.swift in Sources */,
				D7AEE91625FBE53400349601 /* OrderUpApp.swift in Sources */,
				D7AEE92D25FC018A00349601 /* ShopItem.swift in Sources */,
				D7AEE93325FC01FB00349601 /* ShopView.swift in Sources */,
				D7AEE93025FC01A500349601 /* Category.swift in Sources */,
			);
			runOnlyForDeploymentPostprocessing = 0;
		};
/* End PBXSourcesBuildPhase section */

/* Begin XCBuildConfiguration section */
		D7AEE91F25FBE53800349601 /* Debug */ = {
			isa = XCBuildConfiguration;
			buildSettings = {
				ALWAYS_SEARCH_USER_PATHS = NO;
				CLANG_ANALYZER_NONNULL = YES;
				CLANG_ANALYZER_NUMBER_OBJECT_CONVERSION = YES_AGGRESSIVE;
				CLANG_CXX_LANGUAGE_STANDARD = "gnu++14";
				CLANG_CXX_LIBRARY = "libc++";
				CLANG_ENABLE_MODULES = YES;
				CLANG_ENABLE_OBJC_ARC = YES;
				CLANG_ENABLE_OBJC_WEAK = YES;
				CLANG_WARN_BLOCK_CAPTURE_AUTORELEASING = YES;
				CLANG_WARN_BOOL_CONVERSION = YES;
				CLANG_WARN_COMMA = YES;
				CLANG_WARN_CONSTANT_CONVERSION = YES;
				CLANG_WARN_DEPRECATED_OBJC_IMPLEMENTATIONS = YES;
				CLANG_WARN_DIRECT_OBJC_ISA_USAGE = YES_ERROR;
				CLANG_WARN_DOCUMENTATION_COMMENTS = YES;
				CLANG_WARN_EMPTY_BODY = YES;
				CLANG_WARN_ENUM_CONVERSION = YES;
				CLANG_WARN_INFINITE_RECURSION = YES;
				CLANG_WARN_INT_CONVERSION = YES;
				CLANG_WARN_NON_LITERAL_NULL_CONVERSION = YES;
				CLANG_WARN_OBJC_IMPLICIT_RETAIN_SELF = YES;
				CLANG_WARN_OBJC_LITERAL_CONVERSION = YES;
				CLANG_WARN_OBJC_ROOT_CLASS = YES_ERROR;
				CLANG_WARN_QUOTED_INCLUDE_IN_FRAMEWORK_HEADER = YES;
				CLANG_WARN_RANGE_LOOP_ANALYSIS = YES;
				CLANG_WARN_STRICT_PROTOTYPES = YES;
				CLANG_WARN_SUSPICIOUS_MOVE = YES;
				CLANG_WARN_UNGUARDED_AVAILABILITY = YES_AGGRESSIVE;
				CLANG_WARN_UNREACHABLE_CODE = YES;
				CLANG_WARN__DUPLICATE_METHOD_MATCH = YES;
				COPY_PHASE_STRIP = NO;
				DEBUG_INFORMATION_FORMAT = dwarf;
				ENABLE_STRICT_OBJC_MSGSEND = YES;
				ENABLE_TESTABILITY = YES;
				GCC_C_LANGUAGE_STANDARD = gnu11;
				GCC_DYNAMIC_NO_PIC = NO;
				GCC_NO_COMMON_BLOCKS = YES;
				GCC_OPTIMIZATION_LEVEL = 0;
				GCC_PREPROCESSOR_DEFINITIONS = (
					"DEBUG=1",
					"$(inherited)",
				);
				GCC_WARN_64_TO_32_BIT_CONVERSION = YES;
				GCC_WARN_ABOUT_RETURN_TYPE = YES_ERROR;
				GCC_WARN_UNDECLARED_SELECTOR = YES;
				GCC_WARN_UNINITIALIZED_AUTOS = YES_AGGRESSIVE;
				GCC_WARN_UNUSED_FUNCTION = YES;
				GCC_WARN_UNUSED_VARIABLE = YES;
				IPHONEOS_DEPLOYMENT_TARGET = 14.4;
				MTL_ENABLE_DEBUG_INFO = INCLUDE_SOURCE;
				MTL_FAST_MATH = YES;
				ONLY_ACTIVE_ARCH = YES;
				SDKROOT = iphoneos;
				SWIFT_ACTIVE_COMPILATION_CONDITIONS = DEBUG;
				SWIFT_OPTIMIZATION_LEVEL = "-Onone";
			};
			name = Debug;
		};
		D7AEE92025FBE53800349601 /* Release */ = {
			isa = XCBuildConfiguration;
			buildSettings = {
				ALWAYS_SEARCH_USER_PATHS = NO;
				CLANG_ANALYZER_NONNULL = YES;
				CLANG_ANALYZER_NUMBER_OBJECT_CONVERSION = YES_AGGRESSIVE;
				CLANG_CXX_LANGUAGE_STANDARD = "gnu++14";
				CLANG_CXX_LIBRARY = "libc++";
				CLANG_ENABLE_MODULES = YES;
				CLANG_ENABLE_OBJC_ARC = YES;
				CLANG_ENABLE_OBJC_WEAK = YES;
				CLANG_WARN_BLOCK_CAPTURE_AUTORELEASING = YES;
				CLANG_WARN_BOOL_CONVERSION = YES;
				CLANG_WARN_COMMA = YES;
				CLANG_WARN_CONSTANT_CONVERSION = YES;
				CLANG_WARN_DEPRECATED_OBJC_IMPLEMENTATIONS = YES;
				CLANG_WARN_DIRECT_OBJC_ISA_USAGE = YES_ERROR;
				CLANG_WARN_DOCUMENTATION_COMMENTS = YES;
				CLANG_WARN_EMPTY_BODY = YES;
				CLANG_WARN_ENUM_CONVERSION = YES;
				CLANG_WARN_INFINITE_RECURSION = YES;
				CLANG_WARN_INT_CONVERSION = YES;
				CLANG_WARN_NON_LITERAL_NULL_CONVERSION = YES;
				CLANG_WARN_OBJC_IMPLICIT_RETAIN_SELF = YES;
				CLANG_WARN_OBJC_LITERAL_CONVERSION = YES;
				CLANG_WARN_OBJC_ROOT_CLASS = YES_ERROR;
				CLANG_WARN_QUOTED_INCLUDE_IN_FRAMEWORK_HEADER = YES;
				CLANG_WARN_RANGE_LOOP_ANALYSIS = YES;
				CLANG_WARN_STRICT_PROTOTYPES = YES;
				CLANG_WARN_SUSPICIOUS_MOVE = YES;
				CLANG_WARN_UNGUARDED_AVAILABILITY = YES_AGGRESSIVE;
				CLANG_WARN_UNREACHABLE_CODE = YES;
				CLANG_WARN__DUPLICATE_METHOD_MATCH = YES;
				COPY_PHASE_STRIP = NO;
				DEBUG_INFORMATION_FORMAT = "dwarf-with-dsym";
				ENABLE_NS_ASSERTIONS = NO;
				ENABLE_STRICT_OBJC_MSGSEND = YES;
				GCC_C_LANGUAGE_STANDARD = gnu11;
				GCC_NO_COMMON_BLOCKS = YES;
				GCC_WARN_64_TO_32_BIT_CONVERSION = YES;
				GCC_WARN_ABOUT_RETURN_TYPE = YES_ERROR;
				GCC_WARN_UNDECLARED_SELECTOR = YES;
				GCC_WARN_UNINITIALIZED_AUTOS = YES_AGGRESSIVE;
				GCC_WARN_UNUSED_FUNCTION = YES;
				GCC_WARN_UNUSED_VARIABLE = YES;
				IPHONEOS_DEPLOYMENT_TARGET = 14.4;
				MTL_ENABLE_DEBUG_INFO = NO;
				MTL_FAST_MATH = YES;
				SDKROOT = iphoneos;
				SWIFT_COMPILATION_MODE = wholemodule;
				SWIFT_OPTIMIZATION_LEVEL = "-O";
				VALIDATE_PRODUCT = YES;
			};
			name = Release;
		};
		D7AEE92225FBE53800349601 /* Debug */ = {
			isa = XCBuildConfiguration;
			buildSettings = {
				ASSETCATALOG_COMPILER_APPICON_NAME = AppIcon;
				ASSETCATALOG_COMPILER_GLOBAL_ACCENT_COLOR_NAME = AccentColor;
				CODE_SIGN_STYLE = Automatic;
				DEVELOPMENT_ASSET_PATHS = "\"OrderUp/Preview Content\"";
				DEVELOPMENT_TEAM = 5G8Y79X7ML;
				ENABLE_PREVIEWS = YES;
				INFOPLIST_FILE = OrderUp/Info.plist;
				IPHONEOS_DEPLOYMENT_TARGET = 14.0;
				LD_RUNPATH_SEARCH_PATHS = (
					"$(inherited)",
					"@executable_path/Frameworks",
				);
				PRODUCT_BUNDLE_IDENTIFIER = com.desireejallow.OrderUp;
				PRODUCT_NAME = "$(TARGET_NAME)";
				SWIFT_VERSION = 5.0;
				TARGETED_DEVICE_FAMILY = "1,2";
			};
			name = Debug;
		};
		D7AEE92325FBE53800349601 /* Release */ = {
			isa = XCBuildConfiguration;
			buildSettings = {
				ASSETCATALOG_COMPILER_APPICON_NAME = AppIcon;
				ASSETCATALOG_COMPILER_GLOBAL_ACCENT_COLOR_NAME = AccentColor;
				CODE_SIGN_STYLE = Automatic;
				DEVELOPMENT_ASSET_PATHS = "\"OrderUp/Preview Content\"";
				DEVELOPMENT_TEAM = 5G8Y79X7ML;
				ENABLE_PREVIEWS = YES;
				INFOPLIST_FILE = OrderUp/Info.plist;
				IPHONEOS_DEPLOYMENT_TARGET = 14.0;
				LD_RUNPATH_SEARCH_PATHS = (
					"$(inherited)",
					"@executable_path/Frameworks",
				);
				PRODUCT_BUNDLE_IDENTIFIER = com.desireejallow.OrderUp;
				PRODUCT_NAME = "$(TARGET_NAME)";
				SWIFT_VERSION = 5.0;
				TARGETED_DEVICE_FAMILY = "1,2";
			};
			name = Release;
		};
/* End XCBuildConfiguration section */

/* Begin XCConfigurationList section */
		D7AEE90D25FBE53400349601 /* Build configuration list for PBXProject "OrderUp" */ = {
			isa = XCConfigurationList;
			buildConfigurations = (
				D7AEE91F25FBE53800349601 /* Debug */,
				D7AEE92025FBE53800349601 /* Release */,
			);
			defaultConfigurationIsVisible = 0;
			defaultConfigurationName = Release;
		};
		D7AEE92125FBE53800349601 /* Build configuration list for PBXNativeTarget "OrderUp" */ = {
			isa = XCConfigurationList;
			buildConfigurations = (
				D7AEE92225FBE53800349601 /* Debug */,
				D7AEE92325FBE53800349601 /* Release */,
			);
			defaultConfigurationIsVisible = 0;
			defaultConfigurationName = Release;
		};
/* End XCConfigurationList section */
	};
	rootObject = D7AEE90A25FBE53400349601 /* Project object */;
}
